// !$*UTF8*$!
{
	archiveVersion = 1;
	classes = {
	};
	objectVersion = 56;
	objects = {

/* Begin PBXBuildFile section */
		5F4381782908821300877E2B /* KetoMeal.swift in Sources */ = {isa = PBXBuildFile; fileRef = 5F4381772908821300877E2B /* KetoMeal.swift */; };
		5F6652622907367400324B1B /* AppDelegate.swift in Sources */ = {isa = PBXBuildFile; fileRef = 5F6652612907367400324B1B /* AppDelegate.swift */; };
		5F6652642907367400324B1B /* SceneDelegate.swift in Sources */ = {isa = PBXBuildFile; fileRef = 5F6652632907367400324B1B /* SceneDelegate.swift */; };
		5F6652692907367400324B1B /* Main.storyboard in Resources */ = {isa = PBXBuildFile; fileRef = 5F6652672907367400324B1B /* Main.storyboard */; };
		5F66526B2907367600324B1B /* Assets.xcassets in Resources */ = {isa = PBXBuildFile; fileRef = 5F66526A2907367600324B1B /* Assets.xcassets */; };
		5F66526E2907367600324B1B /* LaunchScreen.storyboard in Resources */ = {isa = PBXBuildFile; fileRef = 5F66526C2907367600324B1B /* LaunchScreen.storyboard */; };
		5F66527B29073D8000324B1B /* FirebaseDatabase in Frameworks */ = {isa = PBXBuildFile; productRef = 5F66527A29073D8000324B1B /* FirebaseDatabase */; };
		5F66527D29073D8000324B1B /* FirebaseDatabaseSwift in Frameworks */ = {isa = PBXBuildFile; productRef = 5F66527C29073D8000324B1B /* FirebaseDatabaseSwift */; };
		5F66527F29073D8000324B1B /* FirebaseFunctions in Frameworks */ = {isa = PBXBuildFile; productRef = 5F66527E29073D8000324B1B /* FirebaseFunctions */; };
		5F66528129073D8000324B1B /* FirebaseStorage in Frameworks */ = {isa = PBXBuildFile; productRef = 5F66528029073D8000324B1B /* FirebaseStorage */; };
		5F6652832907420000324B1B /* GoogleService-Info.plist in Resources */ = {isa = PBXBuildFile; fileRef = 5F665282290741FF00324B1B /* GoogleService-Info.plist */; };
/* End PBXBuildFile section */

/* Begin PBXFileReference section */
		5F4381772908821300877E2B /* KetoMeal.swift */ = {isa = PBXFileReference; lastKnownFileType = sourcecode.swift; path = KetoMeal.swift; sourceTree = "<group>"; };
		5F66525E2907367400324B1B /* BYOAFirebase.app */ = {isa = PBXFileReference; explicitFileType = wrapper.application; includeInIndex = 0; path = BYOAFirebase.app; sourceTree = BUILT_PRODUCTS_DIR; };
		5F6652612907367400324B1B /* AppDelegate.swift */ = {isa = PBXFileReference; lastKnownFileType = sourcecode.swift; path = AppDelegate.swift; sourceTree = "<group>"; };
		5F6652632907367400324B1B /* SceneDelegate.swift */ = {isa = PBXFileReference; lastKnownFileType = sourcecode.swift; path = SceneDelegate.swift; sourceTree = "<group>"; };
		5F6652682907367400324B1B /* Base */ = {isa = PBXFileReference; lastKnownFileType = file.storyboard; name = Base; path = Base.lproj/Main.storyboard; sourceTree = "<group>"; };
		5F66526A2907367600324B1B /* Assets.xcassets */ = {isa = PBXFileReference; lastKnownFileType = folder.assetcatalog; path = Assets.xcassets; sourceTree = "<group>"; };
		5F66526D2907367600324B1B /* Base */ = {isa = PBXFileReference; lastKnownFileType = file.storyboard; name = Base; path = Base.lproj/LaunchScreen.storyboard; sourceTree = "<group>"; };
		5F66526F2907367600324B1B /* Info.plist */ = {isa = PBXFileReference; lastKnownFileType = text.plist.xml; path = Info.plist; sourceTree = "<group>"; };
		5F665282290741FF00324B1B /* GoogleService-Info.plist */ = {isa = PBXFileReference; fileEncoding = 4; lastKnownFileType = text.plist.xml; name = "GoogleService-Info.plist"; path = "../../../../../../../../Downloads/GoogleService-Info.plist"; sourceTree = "<group>"; };
/* End PBXFileReference section */

/* Begin PBXFrameworksBuildPhase section */
		5F66525B2907367400324B1B /* Frameworks */ = {
			isa = PBXFrameworksBuildPhase;
			buildActionMask = 2147483647;
			files = (
				5F66527F29073D8000324B1B /* FirebaseFunctions in Frameworks */,
				5F66528129073D8000324B1B /* FirebaseStorage in Frameworks */,
				5F66527D29073D8000324B1B /* FirebaseDatabaseSwift in Frameworks */,
				5F66527B29073D8000324B1B /* FirebaseDatabase in Frameworks */,
			);
			runOnlyForDeploymentPostprocessing = 0;
		};
/* End PBXFrameworksBuildPhase section */

/* Begin PBXGroup section */
		5F4381792908821C00877E2B /* Model */ = {
			isa = PBXGroup;
			children = (
				5F4381772908821300877E2B /* KetoMeal.swift */,
			);
			name = Model;
			sourceTree = "<group>";
		};
		5F6652552907367400324B1B = {
			isa = PBXGroup;
			children = (
				5F6652602907367400324B1B /* BYOAFirebase */,
				5F66525F2907367400324B1B /* Products */,
			);
			sourceTree = "<group>";
		};
		5F66525F2907367400324B1B /* Products */ = {
			isa = PBXGroup;
			children = (
				5F66525E2907367400324B1B /* BYOAFirebase.app */,
			);
			name = Products;
			sourceTree = "<group>";
		};
		5F6652602907367400324B1B /* BYOAFirebase */ = {
			isa = PBXGroup;
			children = (
				5F665282290741FF00324B1B /* GoogleService-Info.plist */,
				5F4381792908821C00877E2B /* Model */,
				5F6652752907375E00324B1B /* Resources */,
				5F6652762907382900324B1B /* Storyboards */,
			);
			path = BYOAFirebase;
			sourceTree = "<group>";
		};
		5F6652752907375E00324B1B /* Resources */ = {
			isa = PBXGroup;
			children = (
				5F6652612907367400324B1B /* AppDelegate.swift */,
				5F6652632907367400324B1B /* SceneDelegate.swift */,
				5F66526A2907367600324B1B /* Assets.xcassets */,
				5F66526F2907367600324B1B /* Info.plist */,
			);
			path = Resources;
			sourceTree = "<group>";
		};
		5F6652762907382900324B1B /* Storyboards */ = {
			isa = PBXGroup;
			children = (
				5F6652672907367400324B1B /* Main.storyboard */,
				5F66526C2907367600324B1B /* LaunchScreen.storyboard */,
			);
			path = Storyboards;
			sourceTree = "<group>";
		};
/* End PBXGroup section */

/* Begin PBXNativeTarget section */
		5F66525D2907367400324B1B /* BYOAFirebase */ = {
			isa = PBXNativeTarget;
			buildConfigurationList = 5F6652722907367600324B1B /* Build configuration list for PBXNativeTarget "BYOAFirebase" */;
			buildPhases = (
				5F66525A2907367400324B1B /* Sources */,
				5F66525B2907367400324B1B /* Frameworks */,
				5F66525C2907367400324B1B /* Resources */,
			);
			buildRules = (
			);
			dependencies = (
			);
			name = BYOAFirebase;
			packageProductDependencies = (
				5F66527A29073D8000324B1B /* FirebaseDatabase */,
				5F66527C29073D8000324B1B /* FirebaseDatabaseSwift */,
				5F66527E29073D8000324B1B /* FirebaseFunctions */,
				5F66528029073D8000324B1B /* FirebaseStorage */,
			);
			productName = BYOAFirebase;
			productReference = 5F66525E2907367400324B1B /* BYOAFirebase.app */;
			productType = "com.apple.product-type.application";
		};
/* End PBXNativeTarget section */

/* Begin PBXProject section */
		5F6652562907367400324B1B /* Project object */ = {
			isa = PBXProject;
			attributes = {
				BuildIndependentTargetsInParallel = 1;
				LastSwiftUpdateCheck = 1400;
				LastUpgradeCheck = 1400;
				TargetAttributes = {
					5F66525D2907367400324B1B = {
						CreatedOnToolsVersion = 14.0.1;
					};
				};
			};
			buildConfigurationList = 5F6652592907367400324B1B /* Build configuration list for PBXProject "BYOAFirebase" */;
			compatibilityVersion = "Xcode 14.0";
			developmentRegion = en;
			hasScannedForEncodings = 0;
			knownRegions = (
				en,
				Base,
			);
			mainGroup = 5F6652552907367400324B1B;
			packageReferences = (
				5F66527929073D8000324B1B /* XCRemoteSwiftPackageReference "firebase-ios-sdk" */,
			);
			productRefGroup = 5F66525F2907367400324B1B /* Products */;
			projectDirPath = "";
			projectRoot = "";
			targets = (
				5F66525D2907367400324B1B /* BYOAFirebase */,
			);
		};
/* End PBXProject section */

/* Begin PBXResourcesBuildPhase section */
		5F66525C2907367400324B1B /* Resources */ = {
			isa = PBXResourcesBuildPhase;
			buildActionMask = 2147483647;
			files = (
				5F66526E2907367600324B1B /* LaunchScreen.storyboard in Resources */,
				5F6652832907420000324B1B /* GoogleService-Info.plist in Resources */,
				5F66526B2907367600324B1B /* Assets.xcassets in Resources */,
				5F6652692907367400324B1B /* Main.storyboard in Resources */,
			);
			runOnlyForDeploymentPostprocessing = 0;
		};
/* End PBXResourcesBuildPhase section */

/* Begin PBXSourcesBuildPhase section */
		5F66525A2907367400324B1B /* Sources */ = {
			isa = PBXSourcesBuildPhase;
			buildActionMask = 2147483647;
			files = (
				5F4381782908821300877E2B /* KetoMeal.swift in Sources */,
				5F6652622907367400324B1B /* AppDelegate.swift in Sources */,
				5F6652642907367400324B1B /* SceneDelegate.swift in Sources */,
			);
			runOnlyForDeploymentPostprocessing = 0;
		};
/* End PBXSourcesBuildPhase section */

/* Begin PBXVariantGroup section */
		5F6652672907367400324B1B /* Main.storyboard */ = {
			isa = PBXVariantGroup;
			children = (
				5F6652682907367400324B1B /* Base */,
			);
			name = Main.storyboard;
			sourceTree = "<group>";
		};
		5F66526C2907367600324B1B /* LaunchScreen.storyboard */ = {
			isa = PBXVariantGroup;
			children = (
				5F66526D2907367600324B1B /* Base */,
			);
			name = LaunchScreen.storyboard;
			sourceTree = "<group>";
		};
/* End PBXVariantGroup section */

/* Begin XCBuildConfiguration section */
		5F6652702907367600324B1B /* Debug */ = {
			isa = XCBuildConfiguration;
			buildSettings = {
				ALWAYS_SEARCH_USER_PATHS = NO;
				CLANG_ANALYZER_NONNULL = YES;
				CLANG_ANALYZER_NUMBER_OBJECT_CONVERSION = YES_AGGRESSIVE;
				CLANG_CXX_LANGUAGE_STANDARD = "gnu++20";
				CLANG_ENABLE_MODULES = YES;
				CLANG_ENABLE_OBJC_ARC = YES;
				CLANG_ENABLE_OBJC_WEAK = YES;
				CLANG_WARN_BLOCK_CAPTURE_AUTORELEASING = YES;
				CLANG_WARN_BOOL_CONVERSION = YES;
				CLANG_WARN_COMMA = YES;
				CLANG_WARN_CONSTANT_CONVERSION = YES;
				CLANG_WARN_DEPRECATED_OBJC_IMPLEMENTATIONS = YES;
				CLANG_WARN_DIRECT_OBJC_ISA_USAGE = YES_ERROR;
				CLANG_WARN_DOCUMENTATION_COMMENTS = YES;
				CLANG_WARN_EMPTY_BODY = YES;
				CLANG_WARN_ENUM_CONVERSION = YES;
				CLANG_WARN_INFINITE_RECURSION = YES;
				CLANG_WARN_INT_CONVERSION = YES;
				CLANG_WARN_NON_LITERAL_NULL_CONVERSION = YES;
				CLANG_WARN_OBJC_IMPLICIT_RETAIN_SELF = YES;
				CLANG_WARN_OBJC_LITERAL_CONVERSION = YES;
				CLANG_WARN_OBJC_ROOT_CLASS = YES_ERROR;
				CLANG_WARN_QUOTED_INCLUDE_IN_FRAMEWORK_HEADER = YES;
				CLANG_WARN_RANGE_LOOP_ANALYSIS = YES;
				CLANG_WARN_STRICT_PROTOTYPES = YES;
				CLANG_WARN_SUSPICIOUS_MOVE = YES;
				CLANG_WARN_UNGUARDED_AVAILABILITY = YES_AGGRESSIVE;
				CLANG_WARN_UNREACHABLE_CODE = YES;
				CLANG_WARN__DUPLICATE_METHOD_MATCH = YES;
				COPY_PHASE_STRIP = NO;
				DEBUG_INFORMATION_FORMAT = dwarf;
				ENABLE_STRICT_OBJC_MSGSEND = YES;
				ENABLE_TESTABILITY = YES;
				GCC_C_LANGUAGE_STANDARD = gnu11;
				GCC_DYNAMIC_NO_PIC = NO;
				GCC_NO_COMMON_BLOCKS = YES;
				GCC_OPTIMIZATION_LEVEL = 0;
				GCC_PREPROCESSOR_DEFINITIONS = (
					"DEBUG=1",
					"$(inherited)",
				);
				GCC_WARN_64_TO_32_BIT_CONVERSION = YES;
				GCC_WARN_ABOUT_RETURN_TYPE = YES_ERROR;
				GCC_WARN_UNDECLARED_SELECTOR = YES;
				GCC_WARN_UNINITIALIZED_AUTOS = YES_AGGRESSIVE;
				GCC_WARN_UNUSED_FUNCTION = YES;
				GCC_WARN_UNUSED_VARIABLE = YES;
				IPHONEOS_DEPLOYMENT_TARGET = 16.0;
				MTL_ENABLE_DEBUG_INFO = INCLUDE_SOURCE;
				MTL_FAST_MATH = YES;
				ONLY_ACTIVE_ARCH = YES;
				SDKROOT = iphoneos;
				SWIFT_ACTIVE_COMPILATION_CONDITIONS = DEBUG;
				SWIFT_OPTIMIZATION_LEVEL = "-Onone";
			};
			name = Debug;
		};
		5F6652712907367600324B1B /* Release */ = {
			isa = XCBuildConfiguration;
			buildSettings = {
				ALWAYS_SEARCH_USER_PATHS = NO;
				CLANG_ANALYZER_NONNULL = YES;
				CLANG_ANALYZER_NUMBER_OBJECT_CONVERSION = YES_AGGRESSIVE;
				CLANG_CXX_LANGUAGE_STANDARD = "gnu++20";
				CLANG_ENABLE_MODULES = YES;
				CLANG_ENABLE_OBJC_ARC = YES;
				CLANG_ENABLE_OBJC_WEAK = YES;
				CLANG_WARN_BLOCK_CAPTURE_AUTORELEASING = YES;
				CLANG_WARN_BOOL_CONVERSION = YES;
				CLANG_WARN_COMMA = YES;
				CLANG_WARN_CONSTANT_CONVERSION = YES;
				CLANG_WARN_DEPRECATED_OBJC_IMPLEMENTATIONS = YES;
				CLANG_WARN_DIRECT_OBJC_ISA_USAGE = YES_ERROR;
				CLANG_WARN_DOCUMENTATION_COMMENTS = YES;
				CLANG_WARN_EMPTY_BODY = YES;
				CLANG_WARN_ENUM_CONVERSION = YES;
				CLANG_WARN_INFINITE_RECURSION = YES;
				CLANG_WARN_INT_CONVERSION = YES;
				CLANG_WARN_NON_LITERAL_NULL_CONVERSION = YES;
				CLANG_WARN_OBJC_IMPLICIT_RETAIN_SELF = YES;
				CLANG_WARN_OBJC_LITERAL_CONVERSION = YES;
				CLANG_WARN_OBJC_ROOT_CLASS = YES_ERROR;
				CLANG_WARN_QUOTED_INCLUDE_IN_FRAMEWORK_HEADER = YES;
				CLANG_WARN_RANGE_LOOP_ANALYSIS = YES;
				CLANG_WARN_STRICT_PROTOTYPES = YES;
				CLANG_WARN_SUSPICIOUS_MOVE = YES;
				CLANG_WARN_UNGUARDED_AVAILABILITY = YES_AGGRESSIVE;
				CLANG_WARN_UNREACHABLE_CODE = YES;
				CLANG_WARN__DUPLICATE_METHOD_MATCH = YES;
				COPY_PHASE_STRIP = NO;
				DEBUG_INFORMATION_FORMAT = "dwarf-with-dsym";
				ENABLE_NS_ASSERTIONS = NO;
				ENABLE_STRICT_OBJC_MSGSEND = YES;
				GCC_C_LANGUAGE_STANDARD = gnu11;
				GCC_NO_COMMON_BLOCKS = YES;
				GCC_WARN_64_TO_32_BIT_CONVERSION = YES;
				GCC_WARN_ABOUT_RETURN_TYPE = YES_ERROR;
				GCC_WARN_UNDECLARED_SELECTOR = YES;
				GCC_WARN_UNINITIALIZED_AUTOS = YES_AGGRESSIVE;
				GCC_WARN_UNUSED_FUNCTION = YES;
				GCC_WARN_UNUSED_VARIABLE = YES;
				IPHONEOS_DEPLOYMENT_TARGET = 16.0;
				MTL_ENABLE_DEBUG_INFO = NO;
				MTL_FAST_MATH = YES;
				SDKROOT = iphoneos;
				SWIFT_COMPILATION_MODE = wholemodule;
				SWIFT_OPTIMIZATION_LEVEL = "-O";
				VALIDATE_PRODUCT = YES;
			};
			name = Release;
		};
		5F6652732907367600324B1B /* Debug */ = {
			isa = XCBuildConfiguration;
			buildSettings = {
				ASSETCATALOG_COMPILER_APPICON_NAME = AppIcon;
				ASSETCATALOG_COMPILER_GLOBAL_ACCENT_COLOR_NAME = AccentColor;
				CODE_SIGN_STYLE = Automatic;
				CURRENT_PROJECT_VERSION = 1;
				DEVELOPMENT_TEAM = 54AAP7P8JH;
				GENERATE_INFOPLIST_FILE = YES;
				INFOPLIST_FILE = BYOAFirebase/Resources/Info.plist;
				INFOPLIST_KEY_UIApplicationSupportsIndirectInputEvents = YES;
				INFOPLIST_KEY_UILaunchStoryboardName = LaunchScreen;
				INFOPLIST_KEY_UIMainStoryboardFile = Main;
				INFOPLIST_KEY_UISupportedInterfaceOrientations_iPad = "UIInterfaceOrientationPortrait UIInterfaceOrientationPortraitUpsideDown UIInterfaceOrientationLandscapeLeft UIInterfaceOrientationLandscapeRight";
				INFOPLIST_KEY_UISupportedInterfaceOrientations_iPhone = "UIInterfaceOrientationPortrait UIInterfaceOrientationLandscapeLeft UIInterfaceOrientationLandscapeRight";
				LD_RUNPATH_SEARCH_PATHS = (
					"$(inherited)",
					"@executable_path/Frameworks",
				);
				MARKETING_VERSION = 1.0;
				PRODUCT_BUNDLE_IDENTIFIER = com.Bakerwhocodes.BYOAFirebase;
				PRODUCT_NAME = "$(TARGET_NAME)";
				SWIFT_EMIT_LOC_STRINGS = YES;
				SWIFT_VERSION = 5.0;
				TARGETED_DEVICE_FAMILY = "1,2";
			};
			name = Debug;
		};
		5F6652742907367600324B1B /* Release */ = {
			isa = XCBuildConfiguration;
			buildSettings = {
				ASSETCATALOG_COMPILER_APPICON_NAME = AppIcon;
				ASSETCATALOG_COMPILER_GLOBAL_ACCENT_COLOR_NAME = AccentColor;
				CODE_SIGN_STYLE = Automatic;
				CURRENT_PROJECT_VERSION = 1;
				DEVELOPMENT_TEAM = 54AAP7P8JH;
				GENERATE_INFOPLIST_FILE = YES;
				INFOPLIST_FILE = BYOAFirebase/Resources/Info.plist;
				INFOPLIST_KEY_UIApplicationSupportsIndirectInputEvents = YES;
				INFOPLIST_KEY_UILaunchStoryboardName = LaunchScreen;
				INFOPLIST_KEY_UIMainStoryboardFile = Main;
				INFOPLIST_KEY_UISupportedInterfaceOrientations_iPad = "UIInterfaceOrientationPortrait UIInterfaceOrientationPortraitUpsideDown UIInterfaceOrientationLandscapeLeft UIInterfaceOrientationLandscapeRight";
				INFOPLIST_KEY_UISupportedInterfaceOrientations_iPhone = "UIInterfaceOrientationPortrait UIInterfaceOrientationLandscapeLeft UIInterfaceOrientationLandscapeRight";
				LD_RUNPATH_SEARCH_PATHS = (
					"$(inherited)",
					"@executable_path/Frameworks",
				);
				MARKETING_VERSION = 1.0;
				PRODUCT_BUNDLE_IDENTIFIER = com.Bakerwhocodes.BYOAFirebase;
				PRODUCT_NAME = "$(TARGET_NAME)";
				SWIFT_EMIT_LOC_STRINGS = YES;
				SWIFT_VERSION = 5.0;
				TARGETED_DEVICE_FAMILY = "1,2";
			};
			name = Release;
		};
/* End XCBuildConfiguration section */

/* Begin XCConfigurationList section */
		5F6652592907367400324B1B /* Build configuration list for PBXProject "BYOAFirebase" */ = {
			isa = XCConfigurationList;
			buildConfigurations = (
				5F6652702907367600324B1B /* Debug */,
				5F6652712907367600324B1B /* Release */,
			);
			defaultConfigurationIsVisible = 0;
			defaultConfigurationName = Release;
		};
		5F6652722907367600324B1B /* Build configuration list for PBXNativeTarget "BYOAFirebase" */ = {
			isa = XCConfigurationList;
			buildConfigurations = (
				5F6652732907367600324B1B /* Debug */,
				5F6652742907367600324B1B /* Release */,
			);
			defaultConfigurationIsVisible = 0;
			defaultConfigurationName = Release;
		};
/* End XCConfigurationList section */

/* Begin XCRemoteSwiftPackageReference section */
		5F66527929073D8000324B1B /* XCRemoteSwiftPackageReference "firebase-ios-sdk" */ = {
			isa = XCRemoteSwiftPackageReference;
			repositoryURL = "https://github.com/firebase/firebase-ios-sdk";
			requirement = {
				kind = upToNextMajorVersion;
				minimumVersion = 9.0.0;
			};
		};
/* End XCRemoteSwiftPackageReference section */

/* Begin XCSwiftPackageProductDependency section */
		5F66527A29073D8000324B1B /* FirebaseDatabase */ = {
			isa = XCSwiftPackageProductDependency;
			package = 5F66527929073D8000324B1B /* XCRemoteSwiftPackageReference "firebase-ios-sdk" */;
			productName = FirebaseDatabase;
		};
		5F66527C29073D8000324B1B /* FirebaseDatabaseSwift */ = {
			isa = XCSwiftPackageProductDependency;
			package = 5F66527929073D8000324B1B /* XCRemoteSwiftPackageReference "firebase-ios-sdk" */;
			productName = FirebaseDatabaseSwift;
		};
		5F66527E29073D8000324B1B /* FirebaseFunctions */ = {
			isa = XCSwiftPackageProductDependency;
			package = 5F66527929073D8000324B1B /* XCRemoteSwiftPackageReference "firebase-ios-sdk" */;
			productName = FirebaseFunctions;
		};
		5F66528029073D8000324B1B /* FirebaseStorage */ = {
			isa = XCSwiftPackageProductDependency;
			package = 5F66527929073D8000324B1B /* XCRemoteSwiftPackageReference "firebase-ios-sdk" */;
			productName = FirebaseStorage;
		};
/* End XCSwiftPackageProductDependency section */
	};
	rootObject = 5F6652562907367400324B1B /* Project object */;
}
